
Microsoft Visual Studio Solution File, Format Version 12.00
# Visual Studio 15
Project("{FAE04EC0-301F-11D3-BF4B-00C04F79EFBC}") = "Assembly-CSharp", "Assembly-CSharp.csproj", "{E497A62D-07F8-95FD-13DE-0B51CDA4AC3E}"
EndProject
Project("{FAE04EC0-301F-11D3-BF4B-00C04F79EFBC}") = "Assembly-CSharp-Editor", "Assembly-CSharp-Editor.csproj", "{36E43520-CE35-ACD4-3FE3-4A236D65488C}"
EndProject
Global
	GlobalSection(SolutionConfigurationPlatforms) = preSolution
		Debug|Any CPU = Debug|Any CPU
		Release|Any CPU = Release|Any CPU
	EndGlobalSection
	GlobalSection(ProjectConfigurationPlatforms) = postSolution
		{E497A62D-07F8-95FD-13DE-0B51CDA4AC3E}.Debug|Any CPU.ActiveCfg = Debug|Any CPU
		{E497A62D-07F8-95FD-13DE-0B51CDA4AC3E}.Debug|Any CPU.Build.0 = Debug|Any CPU
		{E497A62D-07F8-95FD-13DE-0B51CDA4AC3E}.Release|Any CPU.ActiveCfg = Release|Any CPU
		{E497A62D-07F8-95FD-13DE-0B51CDA4AC3E}.Release|Any CPU.Build.0 = Release|Any CPU
		{36E43520-CE35-ACD4-3FE3-4A236D65488C}.Debug|Any CPU.ActiveCfg = Debug|Any CPU
		{36E43520-CE35-ACD4-3FE3-4A236D65488C}.Debug|Any CPU.Build.0 = Debug|Any CPU
		{36E43520-CE35-ACD4-3FE3-4A236D65488C}.Release|Any CPU.ActiveCfg = Release|Any CPU
		{36E43520-CE35-ACD4-3FE3-4A236D65488C}.Release|Any CPU.Build.0 = Release|Any CPU
	EndGlobalSection
	GlobalSection(SolutionProperties) = preSolution
		HideSolutionNode = FALSE
	EndGlobalSection
EndGlobal
